{
  "originHash" : "ee341ec9cd3882a8272db798e456d0c01cb056fd6544038b419df87566927d94",
  "pins" : [
    {
      "identity" : "confettiswiftui",
      "kind" : "remoteSourceControl",
      "location" : "https://github.com/simibac/ConfettiSwiftUI.git",
      "state" : {
        "revision" : "77ce21c82cc5fa608ac921a0dea09dd85b5432c7",
        "version" : "2.0.2"
      }
    },
    {
      "identity" : "openai",
      "kind" : "remoteSourceControl",
      "location" : "https://github.com/MacPaw/OpenAI",
      "state" : {
        "revision" : "e59e4923acc924db51d415e99d0a76c7d54037e0",
        "version" : "0.3.6"
      }
    }
  ],
  "version" : 3
}
